
Microsoft Visual Studio Solution File, Format Version 12.00
# Visual Studio Version 17
VisualStudioVersion = 17.1.32421.90
MinimumVisualStudioVersion = 10.0.40219.1
Project("{9A19103F-16F7-4668-BE54-9A1E7A4F7556}") = "FluentFuzzer", "FluentFuzzer\FluentFuzzer.csproj", "{FAE0AFA9-A9E8-4DF5-BBC4-04DE1886F205}"
EndProject
Project("{9A19103F-16F7-4668-BE54-9A1E7A4F7556}") = "FuzzerUnitTests", "FuzzerUnitTests\FuzzerUnitTests.csproj", "{43F6EF74-0778-43A8-8CE7-1B62DEBA4204}"
EndProject
Global
	GlobalSection(SolutionConfigurationPlatforms) = preSolution
		Debug|Any CPU = Debug|Any CPU
		Release|Any CPU = Release|Any CPU
	EndGlobalSection
	GlobalSection(ProjectConfigurationPlatforms) = postSolution
		{FAE0AFA9-A9E8-4DF5-BBC4-04DE1886F205}.Debug|Any CPU.ActiveCfg = Debug|Any CPU
		{FAE0AFA9-A9E8-4DF5-BBC4-04DE1886F205}.Debug|Any CPU.Build.0 = Debug|Any CPU
		{FAE0AFA9-A9E8-4DF5-BBC4-04DE1886F205}.Release|Any CPU.ActiveCfg = Release|Any CPU
		{FAE0AFA9-A9E8-4DF5-BBC4-04DE1886F205}.Release|Any CPU.Build.0 = Release|Any CPU
		{43F6EF74-0778-43A8-8CE7-1B62DEBA4204}.Debug|Any CPU.ActiveCfg = Debug|Any CPU
		{43F6EF74-0778-43A8-8CE7-1B62DEBA4204}.Debug|Any CPU.Build.0 = Debug|Any CPU
		{43F6EF74-0778-43A8-8CE7-1B62DEBA4204}.Release|Any CPU.ActiveCfg = Release|Any CPU
		{43F6EF74-0778-43A8-8CE7-1B62DEBA4204}.Release|Any CPU.Build.0 = Release|Any CPU
	EndGlobalSection
	GlobalSection(SolutionProperties) = preSolution
		HideSolutionNode = FALSE
	EndGlobalSection
	GlobalSection(ExtensibilityGlobals) = postSolution
		SolutionGuid = {1451CA36-98E6-4A2A-A35C-7B3EF66B659C}
	EndGlobalSection
EndGlobal
